
Microsoft Visual Studio Solution File, Format Version 12.00
# Visual Studio Version 17
VisualStudioVersion = 17.8.34511.84
MinimumVisualStudioVersion = 10.0.40219.1
Project("{9A19103F-16F7-4668-BE54-9A1E7A4F7556}") = "RoadRollerRide", "RoadRollerRide\RoadRollerRide.csproj", "{40AE5A10-EC91-435A-9F06-45E2814142C5}"
EndProject
Project("{9A19103F-16F7-4668-BE54-9A1E7A4F7556}") = "RoadRollerRide.Desktop", "RoadRollerRide.Desktop\RoadRollerRide.Desktop.csproj", "{48E9FE6D-46D1-4DEE-BE87-3F4B16480881}"
EndProject
Global
	GlobalSection(SolutionConfigurationPlatforms) = preSolution
		Debug|Any CPU = Debug|Any CPU
		Release|Any CPU = Release|Any CPU
	EndGlobalSection
	GlobalSection(ProjectConfigurationPlatforms) = postSolution
		{40AE5A10-EC91-435A-9F06-45E2814142C5}.Debug|Any CPU.ActiveCfg = Debug|Any CPU
		{40AE5A10-EC91-435A-9F06-45E2814142C5}.Debug|Any CPU.Build.0 = Debug|Any CPU
		{40AE5A10-EC91-435A-9F06-45E2814142C5}.Release|Any CPU.ActiveCfg = Release|Any CPU
		{40AE5A10-EC91-435A-9F06-45E2814142C5}.Release|Any CPU.Build.0 = Release|Any CPU
		{48E9FE6D-46D1-4DEE-BE87-3F4B16480881}.Debug|Any CPU.ActiveCfg = Debug|Any CPU
		{48E9FE6D-46D1-4DEE-BE87-3F4B16480881}.Debug|Any CPU.Build.0 = Debug|Any CPU
		{48E9FE6D-46D1-4DEE-BE87-3F4B16480881}.Release|Any CPU.ActiveCfg = Release|Any CPU
		{48E9FE6D-46D1-4DEE-BE87-3F4B16480881}.Release|Any CPU.Build.0 = Release|Any CPU
	EndGlobalSection
	GlobalSection(SolutionProperties) = preSolution
		HideSolutionNode = FALSE
	EndGlobalSection
	GlobalSection(ExtensibilityGlobals) = postSolution
		SolutionGuid = {090069FC-9411-426A-BE49-DE1D8D4B2E67}
	EndGlobalSection
EndGlobal
